# THIS IS AN AUTOGENERATED FILE. DO NOT EDIT THIS FILE DIRECTLY.
# yarn lockfile v1


expo-constants@^8.0.0:
  version "8.0.0"
  resolved "https://registry.yarnpkg.com/expo-constants/-/expo-constants-8.0.0.tgz#e2c5a072dacb4263ccfc57dcb4835ca791960d48"
  integrity sha512-NGRwSWfhwNFA9WVLXwqnSDPJJ4DdXTqEkl9Fr9PcyW5VCoFgz7uke256E1YZsYhOE0Ph365lu/5jjZs+MRmRog==
  dependencies:
    ua-parser-js "^0.7.19"

ua-parser-js@^0.7.19:
  version "0.7.21"
  resolved "https://registry.yarnpkg.com/ua-parser-js/-/ua-parser-js-0.7.21.tgz#853cf9ce93f642f67174273cc34565ae6f308777"
  integrity sha512-+O8/qh/Qj8CgC6eYBVBykMrNtp5Gebn4dlGD/kKXVkJNDwyrAwSIqwz8CDf+tsAIWVycKcku6gIXJ0qwx/ZXaQ==
