# THIS IS AN AUTOGENERATED FILE. DO NOT EDIT THIS FILE DIRECTLY.
# yarn lockfile v1


"@react-native-community/netinfo@^5.3.3":
  version "5.3.3"
  resolved "https://registry.yarnpkg.com/@react-native-community/netinfo/-/netinfo-5.3.3.tgz#2e627456d83c1d75d4c43ab6cef70fe125b9691d"
  integrity sha512-L4BsdIEEuG5rKkVNzjESdJ1wvusn0kflj/FrwctaW+xkLxiFs1+mdBg/mvqqfXvVFuBEphbyXJTFT4aG4Okkow==

expo-cameraroll@^1.0.1:
  version "1.0.1"
  resolved "https://registry.yarnpkg.com/expo-cameraroll/-/expo-cameraroll-1.0.1.tgz#1f2496421b1eff0c9377b2e955f950d1f635b5ad"
  integrity sha512-hBURF52vKXbwVguIkcdLWfEhxK3lZYoN9xGf26CdHvXEh3yGA4LS/tgQgShbYhc+bqJl1sgip2v+ZgxKxKZXgg==

expo-constants@^8.0.0:
  version "8.0.0"
  resolved "https://registry.yarnpkg.com/expo-constants/-/expo-constants-8.0.0.tgz#e2c5a072dacb4263ccfc57dcb4835ca791960d48"
  integrity sha512-NGRwSWfhwNFA9WVLXwqnSDPJJ4DdXTqEkl9Fr9PcyW5VCoFgz7uke256E1YZsYhOE0Ph365lu/5jjZs+MRmRog==
  dependencies:
    ua-parser-js "^0.7.19"

expo-media-library@^8.0.0:
  version "8.0.0"
  resolved "https://registry.yarnpkg.com/expo-media-library/-/expo-media-library-8.0.0.tgz#d763a2f39a81348d357171be5ea486679c2edb86"
  integrity sha512-7TIcJjmQq+sH3deIVjwyQYa3nVsLZZUj6fQYA3R+DrFNRT6ehmd1Lai0klTa7ma3pflPEC4Uv2zOyf53alvD2w==

expo-permissions@^8.0.0:
  version "8.0.0"
  resolved "https://registry.yarnpkg.com/expo-permissions/-/expo-permissions-8.0.0.tgz#5a45e8451dd7ff37c9e6ce5e2447818372547813"
  integrity sha512-GHTRmwh1rd1b0FcibluPFu93NNQyl9b1anBBDVPmomoo9Prz7kDcO5p2hFqM99r896yvAUSe0fPloPKUq4g/1A==

react-native-iphone-x-helper@1.2.1:
  version "1.2.1"
  resolved "https://registry.yarnpkg.com/react-native-iphone-x-helper/-/react-native-iphone-x-helper-1.2.1.tgz#645e2ffbbb49e80844bb4cbbe34a126fda1e6772"
  integrity sha512-/VbpIEp8tSNNHIvstuA3Swx610whci1Zpc9mqNkqn14DkMbw+ORviln2u0XyHG1kPvvwTNGZY6QpeFwxYaSdbQ==

react-native-maps@^0.26.1:
  version "0.26.1"
  resolved "https://registry.yarnpkg.com/react-native-maps/-/react-native-maps-0.26.1.tgz#6ec316259b38d259c8974448d894bd7a23101da4"
  integrity sha512-p4VTB8YB5ZmOmDRCUpoHZkm05amZwhIo04AJMBbB9+JAR2PNNfpo0vceoWX0Mag4wnePkdzPomeWMplr/wimTg==

ua-parser-js@^0.7.19:
  version "0.7.21"
  resolved "https://registry.yarnpkg.com/ua-parser-js/-/ua-parser-js-0.7.21.tgz#853cf9ce93f642f67174273cc34565ae6f308777"
  integrity sha512-+O8/qh/Qj8CgC6eYBVBykMrNtp5Gebn4dlGD/kKXVkJNDwyrAwSIqwz8CDf+tsAIWVycKcku6gIXJ0qwx/ZXaQ==
